// !$*UTF8*$!
{
	archiveVersion = 1;
	classes = {
	};
	objectVersion = 46;
	objects = {

/* Begin PBXBuildFile section */
		F43ED2261C22CB6200FBA25C /* AppDelegate.swift in Sources */ = {isa = PBXBuildFile; fileRef = F43ED2251C22CB6200FBA25C /* AppDelegate.swift */; };
		F43ED2281C22CB6200FBA25C /* MapViewController.swift in Sources */ = {isa = PBXBuildFile; fileRef = F43ED2271C22CB6200FBA25C /* MapViewController.swift */; };
		F43ED22B1C22CB6200FBA25C /* Main.storyboard in Resources */ = {isa = PBXBuildFile; fileRef = F43ED2291C22CB6200FBA25C /* Main.storyboard */; };
		F43ED22D1C22CB6200FBA25C /* Assets.xcassets in Resources */ = {isa = PBXBuildFile; fileRef = F43ED22C1C22CB6200FBA25C /* Assets.xcassets */; };
		F43ED2301C22CB6200FBA25C /* LaunchScreen.storyboard in Resources */ = {isa = PBXBuildFile; fileRef = F43ED22E1C22CB6200FBA25C /* LaunchScreen.storyboard */; };
		F43F8AD21C2351980063680E /* CollectionViewControllerCell.swift in Sources */ = {isa = PBXBuildFile; fileRef = F43F8AD11C2351980063680E /* CollectionViewControllerCell.swift */; };
		F4D7960F1C22D12C0000016C /* CollectionViewController.swift in Sources */ = {isa = PBXBuildFile; fileRef = F4D7960E1C22D12C0000016C /* CollectionViewController.swift */; };
/* End PBXBuildFile section */

/* Begin PBXFileReference section */
		F43ED2221C22CB6100FBA25C /* VirtualTourist.app */ = {isa = PBXFileReference; explicitFileType = wrapper.application; includeInIndex = 0; path = VirtualTourist.app; sourceTree = BUILT_PRODUCTS_DIR; };
		F43ED2251C22CB6200FBA25C /* AppDelegate.swift */ = {isa = PBXFileReference; lastKnownFileType = sourcecode.swift; path = AppDelegate.swift; sourceTree = "<group>"; };
		F43ED2271C22CB6200FBA25C /* MapViewController.swift */ = {isa = PBXFileReference; lastKnownFileType = sourcecode.swift; path = MapViewController.swift; sourceTree = "<group>"; };
		F43ED22A1C22CB6200FBA25C /* Base */ = {isa = PBXFileReference; lastKnownFileType = file.storyboard; name = Base; path = Base.lproj/Main.storyboard; sourceTree = "<group>"; };
		F43ED22C1C22CB6200FBA25C /* Assets.xcassets */ = {isa = PBXFileReference; lastKnownFileType = folder.assetcatalog; path = Assets.xcassets; sourceTree = "<group>"; };
		F43ED22F1C22CB6200FBA25C /* Base */ = {isa = PBXFileReference; lastKnownFileType = file.storyboard; name = Base; path = Base.lproj/LaunchScreen.storyboard; sourceTree = "<group>"; };
		F43ED2311C22CB6200FBA25C /* Info.plist */ = {isa = PBXFileReference; lastKnownFileType = text.plist.xml; path = Info.plist; sourceTree = "<group>"; };
		F43F8AD11C2351980063680E /* CollectionViewControllerCell.swift */ = {isa = PBXFileReference; fileEncoding = 4; lastKnownFileType = sourcecode.swift; name = CollectionViewControllerCell.swift; path = ../CollectionViewControllerCell.swift; sourceTree = "<group>"; };
		F4D7960E1C22D12C0000016C /* CollectionViewController.swift */ = {isa = PBXFileReference; fileEncoding = 4; lastKnownFileType = sourcecode.swift; path = CollectionViewController.swift; sourceTree = "<group>"; };
/* End PBXFileReference section */

/* Begin PBXFrameworksBuildPhase section */
		F43ED21F1C22CB6100FBA25C /* Frameworks */ = {
			isa = PBXFrameworksBuildPhase;
			buildActionMask = 2147483647;
			files = (
			);
			runOnlyForDeploymentPostprocessing = 0;
		};
/* End PBXFrameworksBuildPhase section */

/* Begin PBXGroup section */
		F43ED2191C22CB6100FBA25C = {
			isa = PBXGroup;
			children = (
				F43ED2241C22CB6200FBA25C /* VirtualTourist */,
				F43ED2231C22CB6100FBA25C /* Products */,
			);
			sourceTree = "<group>";
		};
		F43ED2231C22CB6100FBA25C /* Products */ = {
			isa = PBXGroup;
			children = (
				F43ED2221C22CB6100FBA25C /* VirtualTourist.app */,
			);
			name = Products;
			sourceTree = "<group>";
		};
		F43ED2241C22CB6200FBA25C /* VirtualTourist */ = {
			isa = PBXGroup;
			children = (
				F4D7960A1C22D04F0000016C /* View */,
				F4D7960B1C22D0590000016C /* Controller */,
				F4D7960C1C22D0660000016C /* Model */,
				F4D7960D1C22D06F0000016C /* Support */,
			);
			path = VirtualTourist;
			sourceTree = "<group>";
		};
		F4D7960A1C22D04F0000016C /* View */ = {
			isa = PBXGroup;
			children = (
				F43ED2291C22CB6200FBA25C /* Main.storyboard */,
			);
			name = View;
			sourceTree = "<group>";
		};
		F4D7960B1C22D0590000016C /* Controller */ = {
			isa = PBXGroup;
			children = (
				F43ED2271C22CB6200FBA25C /* MapViewController.swift */,
				F4D7960E1C22D12C0000016C /* CollectionViewController.swift */,
				F43F8AD11C2351980063680E /* CollectionViewControllerCell.swift */,
			);
			name = Controller;
			sourceTree = "<group>";
		};
		F4D7960C1C22D0660000016C /* Model */ = {
			isa = PBXGroup;
			children = (
			);
			name = Model;
			sourceTree = "<group>";
		};
		F4D7960D1C22D06F0000016C /* Support */ = {
			isa = PBXGroup;
			children = (
				F43ED22E1C22CB6200FBA25C /* LaunchScreen.storyboard */,
				F43ED2251C22CB6200FBA25C /* AppDelegate.swift */,
				F43ED2311C22CB6200FBA25C /* Info.plist */,
				F43ED22C1C22CB6200FBA25C /* Assets.xcassets */,
			);
			name = Support;
			sourceTree = "<group>";
		};
/* End PBXGroup section */

/* Begin PBXNativeTarget section */
		F43ED2211C22CB6100FBA25C /* VirtualTourist */ = {
			isa = PBXNativeTarget;
			buildConfigurationList = F43ED2341C22CB6200FBA25C /* Build configuration list for PBXNativeTarget "VirtualTourist" */;
			buildPhases = (
				F43ED21E1C22CB6100FBA25C /* Sources */,
				F43ED21F1C22CB6100FBA25C /* Frameworks */,
				F43ED2201C22CB6100FBA25C /* Resources */,
			);
			buildRules = (
			);
			dependencies = (
			);
			name = VirtualTourist;
			productName = VirtualTourist;
			productReference = F43ED2221C22CB6100FBA25C /* VirtualTourist.app */;
			productType = "com.apple.product-type.application";
		};
/* End PBXNativeTarget section */

/* Begin PBXProject section */
		F43ED21A1C22CB6100FBA25C /* Project object */ = {
			isa = PBXProject;
			attributes = {
				LastSwiftUpdateCheck = 0720;
				LastUpgradeCheck = 0720;
				ORGANIZATIONNAME = "Timo Krall";
				TargetAttributes = {
					F43ED2211C22CB6100FBA25C = {
						CreatedOnToolsVersion = 7.2;
						DevelopmentTeam = QLY7A9LSKQ;
					};
				};
			};
			buildConfigurationList = F43ED21D1C22CB6100FBA25C /* Build configuration list for PBXProject "VirtualTourist" */;
			compatibilityVersion = "Xcode 3.2";
			developmentRegion = English;
			hasScannedForEncodings = 0;
			knownRegions = (
				en,
				Base,
			);
			mainGroup = F43ED2191C22CB6100FBA25C;
			productRefGroup = F43ED2231C22CB6100FBA25C /* Products */;
			projectDirPath = "";
			projectRoot = "";
			targets = (
				F43ED2211C22CB6100FBA25C /* VirtualTourist */,
			);
		};
/* End PBXProject section */

/* Begin PBXResourcesBuildPhase section */
		F43ED2201C22CB6100FBA25C /* Resources */ = {
			isa = PBXResourcesBuildPhase;
			buildActionMask = 2147483647;
			files = (
				F43ED2301C22CB6200FBA25C /* LaunchScreen.storyboard in Resources */,
				F43ED22D1C22CB6200FBA25C /* Assets.xcassets in Resources */,
				F43ED22B1C22CB6200FBA25C /* Main.storyboard in Resources */,
			);
			runOnlyForDeploymentPostprocessing = 0;
		};
/* End PBXResourcesBuildPhase section */

/* Begin PBXSourcesBuildPhase section */
		F43ED21E1C22CB6100FBA25C /* Sources */ = {
			isa = PBXSourcesBuildPhase;
			buildActionMask = 2147483647;
			files = (
				F4D7960F1C22D12C0000016C /* CollectionViewController.swift in Sources */,
				F43F8AD21C2351980063680E /* CollectionViewControllerCell.swift in Sources */,
				F43ED2281C22CB6200FBA25C /* MapViewController.swift in Sources */,
				F43ED2261C22CB6200FBA25C /* AppDelegate.swift in Sources */,
			);
			runOnlyForDeploymentPostprocessing = 0;
		};
/* End PBXSourcesBuildPhase section */

/* Begin PBXVariantGroup section */
		F43ED2291C22CB6200FBA25C /* Main.storyboard */ = {
			isa = PBXVariantGroup;
			children = (
				F43ED22A1C22CB6200FBA25C /* Base */,
			);
			name = Main.storyboard;
			sourceTree = "<group>";
		};
		F43ED22E1C22CB6200FBA25C /* LaunchScreen.storyboard */ = {
			isa = PBXVariantGroup;
			children = (
				F43ED22F1C22CB6200FBA25C /* Base */,
			);
			name = LaunchScreen.storyboard;
			sourceTree = "<group>";
		};
/* End PBXVariantGroup section */

/* Begin XCBuildConfiguration section */
		F43ED2321C22CB6200FBA25C /* Debug */ = {
			isa = XCBuildConfiguration;
			buildSettings = {
				ALWAYS_SEARCH_USER_PATHS = NO;
				CLANG_CXX_LANGUAGE_STANDARD = "gnu++0x";
				CLANG_CXX_LIBRARY = "libc++";
				CLANG_ENABLE_MODULES = YES;
				CLANG_ENABLE_OBJC_ARC = YES;
				CLANG_WARN_BOOL_CONVERSION = YES;
				CLANG_WARN_CONSTANT_CONVERSION = YES;
				CLANG_WARN_DIRECT_OBJC_ISA_USAGE = YES_ERROR;
				CLANG_WARN_EMPTY_BODY = YES;
				CLANG_WARN_ENUM_CONVERSION = YES;
				CLANG_WARN_INT_CONVERSION = YES;
				CLANG_WARN_OBJC_ROOT_CLASS = YES_ERROR;
				CLANG_WARN_UNREACHABLE_CODE = YES;
				CLANG_WARN__DUPLICATE_METHOD_MATCH = YES;
				"CODE_SIGN_IDENTITY[sdk=iphoneos*]" = "iPhone Developer";
				COPY_PHASE_STRIP = NO;
				DEBUG_INFORMATION_FORMAT = dwarf;
				ENABLE_STRICT_OBJC_MSGSEND = YES;
				ENABLE_TESTABILITY = YES;
				GCC_C_LANGUAGE_STANDARD = gnu99;
				GCC_DYNAMIC_NO_PIC = NO;
				GCC_NO_COMMON_BLOCKS = YES;
				GCC_OPTIMIZATION_LEVEL = 0;
				GCC_PREPROCESSOR_DEFINITIONS = (
					"DEBUG=1",
					"$(inherited)",
				);
				GCC_WARN_64_TO_32_BIT_CONVERSION = YES;
				GCC_WARN_ABOUT_RETURN_TYPE = YES_ERROR;
				GCC_WARN_UNDECLARED_SELECTOR = YES;
				GCC_WARN_UNINITIALIZED_AUTOS = YES_AGGRESSIVE;
				GCC_WARN_UNUSED_FUNCTION = YES;
				GCC_WARN_UNUSED_VARIABLE = YES;
				IPHONEOS_DEPLOYMENT_TARGET = 9.2;
				MTL_ENABLE_DEBUG_INFO = YES;
				ONLY_ACTIVE_ARCH = YES;
				SDKROOT = iphoneos;
				SWIFT_OPTIMIZATION_LEVEL = "-Onone";
			};
			name = Debug;
		};
		F43ED2331C22CB6200FBA25C /* Release */ = {
			isa = XCBuildConfiguration;
			buildSettings = {
				ALWAYS_SEARCH_USER_PATHS = NO;
				CLANG_CXX_LANGUAGE_STANDARD = "gnu++0x";
				CLANG_CXX_LIBRARY = "libc++";
				CLANG_ENABLE_MODULES = YES;
				CLANG_ENABLE_OBJC_ARC = YES;
				CLANG_WARN_BOOL_CONVERSION = YES;
				CLANG_WARN_CONSTANT_CONVERSION = YES;
				CLANG_WARN_DIRECT_OBJC_ISA_USAGE = YES_ERROR;
				CLANG_WARN_EMPTY_BODY = YES;
				CLANG_WARN_ENUM_CONVERSION = YES;
				CLANG_WARN_INT_CONVERSION = YES;
				CLANG_WARN_OBJC_ROOT_CLASS = YES_ERROR;
				CLANG_WARN_UNREACHABLE_CODE = YES;
				CLANG_WARN__DUPLICATE_METHOD_MATCH = YES;
				"CODE_SIGN_IDENTITY[sdk=iphoneos*]" = "iPhone Developer";
				COPY_PHASE_STRIP = NO;
				DEBUG_INFORMATION_FORMAT = "dwarf-with-dsym";
				ENABLE_NS_ASSERTIONS = NO;
				ENABLE_STRICT_OBJC_MSGSEND = YES;
				GCC_C_LANGUAGE_STANDARD = gnu99;
				GCC_NO_COMMON_BLOCKS = YES;
				GCC_WARN_64_TO_32_BIT_CONVERSION = YES;
				GCC_WARN_ABOUT_RETURN_TYPE = YES_ERROR;
				GCC_WARN_UNDECLARED_SELECTOR = YES;
				GCC_WARN_UNINITIALIZED_AUTOS = YES_AGGRESSIVE;
				GCC_WARN_UNUSED_FUNCTION = YES;
				GCC_WARN_UNUSED_VARIABLE = YES;
				IPHONEOS_DEPLOYMENT_TARGET = 9.2;
				MTL_ENABLE_DEBUG_INFO = NO;
				SDKROOT = iphoneos;
				VALIDATE_PRODUCT = YES;
			};
			name = Release;
		};
		F43ED2351C22CB6200FBA25C /* Debug */ = {
			isa = XCBuildConfiguration;
			buildSettings = {
				ASSETCATALOG_COMPILER_APPICON_NAME = AppIcon;
				INFOPLIST_FILE = VirtualTourist/Info.plist;
				LD_RUNPATH_SEARCH_PATHS = "$(inherited) @executable_path/Frameworks";
				PRODUCT_BUNDLE_IDENTIFIER = TK.VirtualTourist;
				PRODUCT_NAME = "$(TARGET_NAME)";
			};
			name = Debug;
		};
		F43ED2361C22CB6200FBA25C /* Release */ = {
			isa = XCBuildConfiguration;
			buildSettings = {
				ASSETCATALOG_COMPILER_APPICON_NAME = AppIcon;
				INFOPLIST_FILE = VirtualTourist/Info.plist;
				LD_RUNPATH_SEARCH_PATHS = "$(inherited) @executable_path/Frameworks";
				PRODUCT_BUNDLE_IDENTIFIER = TK.VirtualTourist;
				PRODUCT_NAME = "$(TARGET_NAME)";
			};
			name = Release;
		};
/* End XCBuildConfiguration section */

/* Begin XCConfigurationList section */
		F43ED21D1C22CB6100FBA25C /* Build configuration list for PBXProject "VirtualTourist" */ = {
			isa = XCConfigurationList;
			buildConfigurations = (
				F43ED2321C22CB6200FBA25C /* Debug */,
				F43ED2331C22CB6200FBA25C /* Release */,
			);
			defaultConfigurationIsVisible = 0;
			defaultConfigurationName = Release;
		};
		F43ED2341C22CB6200FBA25C /* Build configuration list for PBXNativeTarget "VirtualTourist" */ = {
			isa = XCConfigurationList;
			buildConfigurations = (
				F43ED2351C22CB6200FBA25C /* Debug */,
				F43ED2361C22CB6200FBA25C /* Release */,
			);
			defaultConfigurationIsVisible = 0;
			defaultConfigurationName = Release;
		};
/* End XCConfigurationList section */
	};
	rootObject = F43ED21A1C22CB6100FBA25C /* Project object */;
}
